
Microsoft Visual Studio Solution File, Format Version 12.00
# Visual Studio Version 17
VisualStudioVersion = 17.11.35312.102
MinimumVisualStudioVersion = 10.0.40219.1
Project("{8BC9CEB8-8B4A-11D0-8D11-00A0C91BC942}") = "test-hub", "test-hub\test-hub.vcxproj", "{0BD21D19-BE48-4219-AE49-CDBAE73D87CE}"
EndProject
Global
	GlobalSection(SolutionConfigurationPlatforms) = preSolution
		Debug|x64 = Debug|x64
		Debug|x86 = Debug|x86
		Release|x64 = Release|x64
		Release|x86 = Release|x86
	EndGlobalSection
	GlobalSection(ProjectConfigurationPlatforms) = postSolution
		{0BD21D19-BE48-4219-AE49-CDBAE73D87CE}.Debug|x64.ActiveCfg = Debug|x64
		{0BD21D19-BE48-4219-AE49-CDBAE73D87CE}.Debug|x64.Build.0 = Debug|x64
		{0BD21D19-BE48-4219-AE49-CDBAE73D87CE}.Debug|x86.ActiveCfg = Debug|Win32
		{0BD21D19-BE48-4219-AE49-CDBAE73D87CE}.Debug|x86.Build.0 = Debug|Win32
		{0BD21D19-BE48-4219-AE49-CDBAE73D87CE}.Release|x64.ActiveCfg = Release|x64
		{0BD21D19-BE48-4219-AE49-CDBAE73D87CE}.Release|x64.Build.0 = Release|x64
		{0BD21D19-BE48-4219-AE49-CDBAE73D87CE}.Release|x86.ActiveCfg = Release|Win32
		{0BD21D19-BE48-4219-AE49-CDBAE73D87CE}.Release|x86.Build.0 = Release|Win32
	EndGlobalSection
	GlobalSection(SolutionProperties) = preSolution
		HideSolutionNode = FALSE
	EndGlobalSection
	GlobalSection(ExtensibilityGlobals) = postSolution
		SolutionGuid = {7484D5AD-4B8A-435B-B4FB-899820960331}
	EndGlobalSection
EndGlobal
